
Microsoft Visual Studio Solution File, Format Version 12.00
# Visual Studio Version 17
VisualStudioVersion = 17.3.32804.467
MinimumVisualStudioVersion = 10.0.40219.1
Project("{FAE04EC0-301F-11D3-BF4B-00C04F79EFBC}") = "NeuralNetwork", "NeuralNetwork\NeuralNetwork.csproj", "{A5CBB64E-5DFB-47AB-B506-9BE912752DAA}"
EndProject
Project("{FAE04EC0-301F-11D3-BF4B-00C04F79EFBC}") = "NeuralNetworkTests", "NeuralNetworkTests\NeuralNetworkTests.csproj", "{2529E8C6-AA08-4413-BB04-D2CB2052CE54}"
EndProject
Global
	GlobalSection(SolutionConfigurationPlatforms) = preSolution
		Debug|Any CPU = Debug|Any CPU
		Release|Any CPU = Release|Any CPU
	EndGlobalSection
	GlobalSection(ProjectConfigurationPlatforms) = postSolution
		{A5CBB64E-5DFB-47AB-B506-9BE912752DAA}.Debug|Any CPU.ActiveCfg = Debug|Any CPU
		{A5CBB64E-5DFB-47AB-B506-9BE912752DAA}.Debug|Any CPU.Build.0 = Debug|Any CPU
		{A5CBB64E-5DFB-47AB-B506-9BE912752DAA}.Release|Any CPU.ActiveCfg = Release|Any CPU
		{A5CBB64E-5DFB-47AB-B506-9BE912752DAA}.Release|Any CPU.Build.0 = Release|Any CPU
		{2529E8C6-AA08-4413-BB04-D2CB2052CE54}.Debug|Any CPU.ActiveCfg = Debug|Any CPU
		{2529E8C6-AA08-4413-BB04-D2CB2052CE54}.Debug|Any CPU.Build.0 = Debug|Any CPU
		{2529E8C6-AA08-4413-BB04-D2CB2052CE54}.Release|Any CPU.ActiveCfg = Release|Any CPU
		{2529E8C6-AA08-4413-BB04-D2CB2052CE54}.Release|Any CPU.Build.0 = Release|Any CPU
	EndGlobalSection
	GlobalSection(SolutionProperties) = preSolution
		HideSolutionNode = FALSE
	EndGlobalSection
	GlobalSection(ExtensibilityGlobals) = postSolution
		SolutionGuid = {1D338E25-E347-4377-9415-009717415C17}
	EndGlobalSection
EndGlobal
